PODS:
  - AMap3DMap (5.3.0):
    - AMapFoundation (~> 1.3)
  - AMapFoundation (1.4.2)
  - AMapNavi (5.2.1):
    - AMap3DMap (>= 5.2.1)
    - AMapFoundation (~> 1.4)
  - React (0.49.1):
    - React/Core (= 0.49.1)
  - react-native-amap3d (0.7.3):
    - AMapNavi
    - React
  - React/Core (0.49.1):
    - yoga (= 0.49.1.React)
  - yoga (0.49.1.React)

DEPENDENCIES:
  - React (from `../node_modules/react-native/`)
  - react-native-amap3d (from `../../`)
  - yoga (from `../node_modules/react-native/ReactCommon/yoga/`)

EXTERNAL SOURCES:
  React:
    :path: "../node_modules/react-native/"
  react-native-amap3d:
    :path: "../../"
  yoga:
    :path: "../node_modules/react-native/ReactCommon/yoga/"

SPEC CHECKSUMS:
  AMap3DMap: 0614b5b7ed7a8b69f1d9ba7bc40ce30362497dc5
  AMapFoundation: 6c0471c9a6a0ad17dad46e3d800ad56ca170f82a
  AMapNavi: bb4d65295ed0ee0ad4b5f5792e9e2ea0e5117ffa
  React: cf892fb84b7d06bf5fea7f328e554c6dcabe85ee
  react-native-amap3d: 9b95196a14a7168d25b7aecf29331d1b2900b6e2
  yoga: 3abf02d6d9aeeb139b4c930eb1367feae690a35a

PODFILE CHECKSUM: 50e0e08e70fb57b3f3476be117f63856ec28e46e

COCOAPODS: 1.2.0
