PODS:
  - AMap3DMap (5.3.0):
    - AMapFoundation (~> 1.3)
  - AMapFoundation (1.4.2)
  - AMapNavi (5.2.1):
    - AMap3DMap (>= 5.2.1)
    - AMapFoundation (~> 1.4)
  - React (0.47.1):
    - React/Core (= 0.47.1)
  - react-native-amap3d (0.2.5):
    - AMapNavi
    - React
  - React/Core (0.47.1):
    - Yoga (= 0.47.1.React)
  - Yoga (0.47.1.React)

DEPENDENCIES:
  - React (from `../node_modules/react-native/`)
  - react-native-amap3d (from `../../`)
  - Yoga (from `../node_modules/react-native/ReactCommon/yoga/`)

EXTERNAL SOURCES:
  React:
    :path: "../node_modules/react-native/"
  react-native-amap3d:
    :path: "../../"
  Yoga:
    :path: "../node_modules/react-native/ReactCommon/yoga/"

SPEC CHECKSUMS:
  AMap3DMap: 0614b5b7ed7a8b69f1d9ba7bc40ce30362497dc5
  AMapFoundation: 6c0471c9a6a0ad17dad46e3d800ad56ca170f82a
  AMapNavi: bb4d65295ed0ee0ad4b5f5792e9e2ea0e5117ffa
  React: f705239a901cb3f95445c34468e5b37b6f80a0d4
  react-native-amap3d: 8e0233de49453f31abd40479ce728c3535400f9f
  Yoga: 13a12502dfabb4c75b914071dcb542af800deed4

PODFILE CHECKSUM: 532b8476f224a7e69d8d5ec4a246f7ed1173a8e1

COCOAPODS: 1.2.0
